
Microsoft Visual Studio Solution File, Format Version 12.00
# Visual Studio Version 17
VisualStudioVersion = 17.10.35027.167
MinimumVisualStudioVersion = 10.0.40219.1
Project("{FAE04EC0-301F-11D3-BF4B-00C04F79EFBC}") = "FetchRequest", "FetchRequest\FetchRequest.csproj", "{0BDFF0E3-1522-4F1C-B87D-E4491C3A8720}"
EndProject
Global
	GlobalSection(SolutionConfigurationPlatforms) = preSolution
		Debug|Any CPU = Debug|Any CPU
		Release|Any CPU = Release|Any CPU
	EndGlobalSection
	GlobalSection(ProjectConfigurationPlatforms) = postSolution
		{0BDFF0E3-1522-4F1C-B87D-E4491C3A8720}.Debug|Any CPU.ActiveCfg = Debug|Any CPU
		{0BDFF0E3-1522-4F1C-B87D-E4491C3A8720}.Debug|Any CPU.Build.0 = Debug|Any CPU
		{0BDFF0E3-1522-4F1C-B87D-E4491C3A8720}.Release|Any CPU.ActiveCfg = Release|Any CPU
		{0BDFF0E3-1522-4F1C-B87D-E4491C3A8720}.Release|Any CPU.Build.0 = Release|Any CPU
	EndGlobalSection
	GlobalSection(SolutionProperties) = preSolution
		HideSolutionNode = FALSE
	EndGlobalSection
	GlobalSection(ExtensibilityGlobals) = postSolution
		SolutionGuid = {F67649F0-8F3D-4EC3-88AF-43BCB994E519}
	EndGlobalSection
EndGlobal
